
Microsoft Visual Studio Solution File, Format Version 12.00
Project("{FAE04EC0-301F-11D3-BF4B-00C04F79EFBC}") = "RssReadingTest", "RssReadingTest\RssReadingTest.csproj", "{7AAD598D-E43F-401A-8EE8-FB48E1CFC1E4}"
EndProject
Project("{FAE04EC0-301F-11D3-BF4B-00C04F79EFBC}") = "RssReader.WebApi", "RssReader.WebApi\RssReader.WebApi.csproj", "{F240D316-4628-4E56-8E0E-42E89A532B7F}"
EndProject
Global
	GlobalSection(SolutionConfigurationPlatforms) = preSolution
		Debug|Any CPU = Debug|Any CPU
		Release|Any CPU = Release|Any CPU
	EndGlobalSection
	GlobalSection(ProjectConfigurationPlatforms) = postSolution
		{7AAD598D-E43F-401A-8EE8-FB48E1CFC1E4}.Debug|Any CPU.ActiveCfg = Debug|Any CPU
		{7AAD598D-E43F-401A-8EE8-FB48E1CFC1E4}.Debug|Any CPU.Build.0 = Debug|Any CPU
		{7AAD598D-E43F-401A-8EE8-FB48E1CFC1E4}.Release|Any CPU.ActiveCfg = Release|Any CPU
		{7AAD598D-E43F-401A-8EE8-FB48E1CFC1E4}.Release|Any CPU.Build.0 = Release|Any CPU
		{F240D316-4628-4E56-8E0E-42E89A532B7F}.Debug|Any CPU.ActiveCfg = Debug|Any CPU
		{F240D316-4628-4E56-8E0E-42E89A532B7F}.Debug|Any CPU.Build.0 = Debug|Any CPU
		{F240D316-4628-4E56-8E0E-42E89A532B7F}.Release|Any CPU.ActiveCfg = Release|Any CPU
		{F240D316-4628-4E56-8E0E-42E89A532B7F}.Release|Any CPU.Build.0 = Release|Any CPU
	EndGlobalSection
EndGlobal
